lockfileVersion: '9.0'

settings:
  autoInstallPeers: true
  excludeLinksFromLockfile: false

importers:

  .:
    dependencies:
      artisan-uml-cli:
        specifier: ^0.1.0
        version: 0.1.0

packages:

  artisan-uml-cli@0.1.0:
    resolution: {integrity: sha512-cxfKTADaDuRS55mI0n9t5jMCB8nA5nWO7p+vfjW1tLAWg39J4hGcnAy+Wv9u8Kg7kJzKU1jCvKcoG6/6lF5jjQ==}
    engines: {node: '>=18'}
    hasBin: true

  artisan-uml@1.0.0:
    resolution: {integrity: sha512-eMMRhE/0pRIJhWWSXH92p4tP83QroPmEmM9dx87qY+xYZImGqSjniwJ0LKRaWbGQOj/P1uMgev6DCaYbcm9O6g==}

snapshots:

  artisan-uml-cli@0.1.0:
    dependencies:
      artisan-uml: 1.0.0

  artisan-uml@1.0.0: {}
